
Microsoft Visual Studio Solution File, Format Version 12.00
Project("{FAE04EC0-301F-11D3-BF4B-00C04F79EFBC}") = "AOC2024", "AOC2024\AOC2024.csproj", "{C083FC50-27AD-4DCB-90E8-3581D43076B3}"
EndProject
Global
	GlobalSection(SolutionConfigurationPlatforms) = preSolution
		Debug|Any CPU = Debug|Any CPU
		Release|Any CPU = Release|Any CPU
	EndGlobalSection
	GlobalSection(ProjectConfigurationPlatforms) = postSolution
		{C083FC50-27AD-4DCB-90E8-3581D43076B3}.Debug|Any CPU.ActiveCfg = Debug|Any CPU
		{C083FC50-27AD-4DCB-90E8-3581D43076B3}.Debug|Any CPU.Build.0 = Debug|Any CPU
		{C083FC50-27AD-4DCB-90E8-3581D43076B3}.Release|Any CPU.ActiveCfg = Release|Any CPU
		{C083FC50-27AD-4DCB-90E8-3581D43076B3}.Release|Any CPU.Build.0 = Release|Any CPU
	EndGlobalSection
EndGlobal
